
Microsoft Visual Studio Solution File, Format Version 11.00
# Visual Studio 2010
Project("{FAE04EC0-301F-11D3-BF4B-00C04F79EFBC}") = "Assembly-CSharp", "Assembly-CSharp.csproj", "{b9b9f996-79fa-f7b7-eb01-60cf55d1a201}"
EndProject
Project("{FAE04EC0-301F-11D3-BF4B-00C04F79EFBC}") = "Assembly-CSharp-Editor", "Assembly-CSharp-Editor.csproj", "{d4e74de3-6fbe-22e5-ab10-15d00bb32fcd}"
EndProject
Global
	GlobalSection(SolutionConfigurationPlatforms) = preSolution
		Debug|Any CPU = Debug|Any CPU
	EndGlobalSection
	GlobalSection(ProjectConfigurationPlatforms) = postSolution
		{b9b9f996-79fa-f7b7-eb01-60cf55d1a201}.Debug|Any CPU.ActiveCfg = Debug|Any CPU
		{b9b9f996-79fa-f7b7-eb01-60cf55d1a201}.Debug|Any CPU.Build.0 = Debug|Any CPU
		{d4e74de3-6fbe-22e5-ab10-15d00bb32fcd}.Debug|Any CPU.ActiveCfg = Debug|Any CPU
		{d4e74de3-6fbe-22e5-ab10-15d00bb32fcd}.Debug|Any CPU.Build.0 = Debug|Any CPU
	EndGlobalSection
	GlobalSection(SolutionProperties) = preSolution
		HideSolutionNode = FALSE
	EndGlobalSection
EndGlobal
