
Microsoft Visual Studio Solution File, Format Version 11.00
# Visual Studio 2010
Project("{FAE04EC0-301F-11D3-BF4B-00C04F79EFBC}") = "Assembly-CSharp", "Assembly-CSharp.csproj", "{952aeee3-45c5-2505-8b1f-318f069a455f}"
EndProject
Project("{FAE04EC0-301F-11D3-BF4B-00C04F79EFBC}") = "Assembly-CSharp-Editor", "Assembly-CSharp-Editor.csproj", "{bc889222-7702-bdf1-19d9-f7ebe4f04ef6}"
EndProject
Global
	GlobalSection(SolutionConfigurationPlatforms) = preSolution
		Debug|Any CPU = Debug|Any CPU
	EndGlobalSection
	GlobalSection(ProjectConfigurationPlatforms) = postSolution
		{952aeee3-45c5-2505-8b1f-318f069a455f}.Debug|Any CPU.ActiveCfg = Debug|Any CPU
		{952aeee3-45c5-2505-8b1f-318f069a455f}.Debug|Any CPU.Build.0 = Debug|Any CPU
		{bc889222-7702-bdf1-19d9-f7ebe4f04ef6}.Debug|Any CPU.ActiveCfg = Debug|Any CPU
		{bc889222-7702-bdf1-19d9-f7ebe4f04ef6}.Debug|Any CPU.Build.0 = Debug|Any CPU
	EndGlobalSection
	GlobalSection(SolutionProperties) = preSolution
		HideSolutionNode = FALSE
	EndGlobalSection
EndGlobal
